
Microsoft Visual Studio Solution File, Format Version 12.00
Project("{FAE04EC0-301F-11D3-BF4B-00C04F79EFBC}") = "CSharp-Tut", "CSharp-Tut.csproj", "{C16A7FD3-6985-4474-86BD-84970DAFB279}"
EndProject
Global
	GlobalSection(SolutionConfigurationPlatforms) = preSolution
		Debug|Any CPU = Debug|Any CPU
		Release|Any CPU = Release|Any CPU
	EndGlobalSection
	GlobalSection(ProjectConfigurationPlatforms) = postSolution
		{C16A7FD3-6985-4474-86BD-84970DAFB279}.Debug|Any CPU.ActiveCfg = Debug|Any CPU
		{C16A7FD3-6985-4474-86BD-84970DAFB279}.Debug|Any CPU.Build.0 = Debug|Any CPU
		{C16A7FD3-6985-4474-86BD-84970DAFB279}.Release|Any CPU.ActiveCfg = Release|Any CPU
		{C16A7FD3-6985-4474-86BD-84970DAFB279}.Release|Any CPU.Build.0 = Release|Any CPU
	EndGlobalSection
EndGlobal
